
Microsoft Visual Studio Solution File, Format Version 12.00
# Visual Studio Version 16
VisualStudioVersion = 16.0.31624.102
MinimumVisualStudioVersion = 10.0.40219.1
Project("{D2ABAB84-BF74-430A-B69E-9DC6D40DDA17}") = "DataMinningDemo", "DataMinningDemo\DataMinningDemo.dwproj", "{D7E38D6A-2945-4B0E-B1F7-112F150A01DF}"
EndProject
Global
	GlobalSection(SolutionConfigurationPlatforms) = preSolution
		Development|Default = Development|Default
	EndGlobalSection
	GlobalSection(ProjectConfigurationPlatforms) = postSolution
		{D7E38D6A-2945-4B0E-B1F7-112F150A01DF}.Development|Default.ActiveCfg = Development
		{D7E38D6A-2945-4B0E-B1F7-112F150A01DF}.Development|Default.Build.0 = Development
		{D7E38D6A-2945-4B0E-B1F7-112F150A01DF}.Development|Default.Deploy.0 = Development
	EndGlobalSection
	GlobalSection(SolutionProperties) = preSolution
		HideSolutionNode = FALSE
	EndGlobalSection
	GlobalSection(ExtensibilityGlobals) = postSolution
		SolutionGuid = {A0CACF35-42F2-44EB-990D-5953550E77CE}
	EndGlobalSection
EndGlobal
